
Microsoft Visual Studio Solution File, Format Version 12.00
# Visual Studio 15
VisualStudioVersion = 15.0.28307.902
MinimumVisualStudioVersion = 10.0.40219.1
Project("{FAE04EC0-301F-11D3-BF4B-00C04F79EFBC}") = "CmsShoppingCart", "CmsShoppingCart\CmsShoppingCart.csproj", "{F6C53FA8-8E59-4805-A058-8DB5FD8670A4}"
EndProject
Global
	GlobalSection(SolutionConfigurationPlatforms) = preSolution
		Debug|Any CPU = Debug|Any CPU
		Release|Any CPU = Release|Any CPU
	EndGlobalSection
	GlobalSection(ProjectConfigurationPlatforms) = postSolution
		{F6C53FA8-8E59-4805-A058-8DB5FD8670A4}.Debug|Any CPU.ActiveCfg = Debug|Any CPU
		{F6C53FA8-8E59-4805-A058-8DB5FD8670A4}.Debug|Any CPU.Build.0 = Debug|Any CPU
		{F6C53FA8-8E59-4805-A058-8DB5FD8670A4}.Release|Any CPU.ActiveCfg = Release|Any CPU
		{F6C53FA8-8E59-4805-A058-8DB5FD8670A4}.Release|Any CPU.Build.0 = Release|Any CPU
	EndGlobalSection
	GlobalSection(SolutionProperties) = preSolution
		HideSolutionNode = FALSE
	EndGlobalSection
	GlobalSection(ExtensibilityGlobals) = postSolution
		SolutionGuid = {E6EE5C55-9ED3-429C-9E3B-008EAAAF8408}
	EndGlobalSection
EndGlobal
